
Microsoft Visual Studio Solution File, Format Version 12.00
# Visual Studio Version 16
VisualStudioVersion = 16.0.30225.117
MinimumVisualStudioVersion = 10.0.40219.1
Project("{FAE04EC0-301F-11D3-BF4B-00C04F79EFBC}") = "MyPlugin", "MyPlugin.csproj", "{7DD49A0F-F4D3-4810-8B39-F292B2D33D36}"
EndProject
Global
	GlobalSection(SolutionConfigurationPlatforms) = preSolution
		Debug|Any CPU = Debug|Any CPU
		Release|Any CPU = Release|Any CPU
	EndGlobalSection
	GlobalSection(ProjectConfigurationPlatforms) = postSolution
		{7DD49A0F-F4D3-4810-8B39-F292B2D33D36}.Debug|Any CPU.ActiveCfg = Debug|Any CPU
		{7DD49A0F-F4D3-4810-8B39-F292B2D33D36}.Debug|Any CPU.Build.0 = Debug|Any CPU
		{7DD49A0F-F4D3-4810-8B39-F292B2D33D36}.Release|Any CPU.ActiveCfg = Release|Any CPU
		{7DD49A0F-F4D3-4810-8B39-F292B2D33D36}.Release|Any CPU.Build.0 = Release|Any CPU
	EndGlobalSection
	GlobalSection(SolutionProperties) = preSolution
		HideSolutionNode = FALSE
	EndGlobalSection
	GlobalSection(ExtensibilityGlobals) = postSolution
		SolutionGuid = {0AE66D6A-C9A9-46D9-B450-44288EFC4E7B}
	EndGlobalSection
EndGlobal
